PODS:
  - Capacitor (5.0.1):
    - CapacitorCordova
  - CapacitorApp (5.0.5):
    - Capacitor
  - CapacitorCordova (5.0.1)
  - CapacitorFilesystem (5.0.1):
    - Capacitor
  - CapacitorSplashScreen (5.0.1):
    - Capacitor
  - CapacitorStatusBar (5.0.5):
    - Capacitor
  - CordovaPlugins (5.1.1):
    - CapacitorCordova

DEPENDENCIES:
  - "Capacitor (from `../../../../node_modules/.pnpm/@capacitor+ios@5.0.1_@capacitor+core@5.1.1/node_modules/@capacitor/ios`)"
  - "CapacitorApp (from `../../../../node_modules/.pnpm/@capacitor+app@5.0.5_@capacitor+core@5.1.1/node_modules/@capacitor/app`)"
  - "CapacitorCordova (from `../../../../node_modules/.pnpm/@capacitor+ios@5.0.1_@capacitor+core@5.1.1/node_modules/@capacitor/ios`)"
  - "CapacitorFilesystem (from `../../../../node_modules/.pnpm/@capacitor+filesystem@5.0.1_@capacitor+core@5.1.1/node_modules/@capacitor/filesystem`)"
  - "CapacitorSplashScreen (from `../../../../node_modules/.pnpm/@capacitor+splash-screen@5.0.1_@capacitor+core@5.1.1/node_modules/@capacitor/splash-screen`)"
  - "CapacitorStatusBar (from `../../../../node_modules/.pnpm/@capacitor+status-bar@5.0.5_@capacitor+core@5.1.1/node_modules/@capacitor/status-bar`)"
  - CordovaPlugins (from `../capacitor-cordova-ios-plugins`)

EXTERNAL SOURCES:
  Capacitor:
    :path: "../../../../node_modules/.pnpm/@capacitor+ios@5.0.1_@capacitor+core@5.1.1/node_modules/@capacitor/ios"
  CapacitorApp:
    :path: "../../../../node_modules/.pnpm/@capacitor+app@5.0.5_@capacitor+core@5.1.1/node_modules/@capacitor/app"
  CapacitorCordova:
    :path: "../../../../node_modules/.pnpm/@capacitor+ios@5.0.1_@capacitor+core@5.1.1/node_modules/@capacitor/ios"
  CapacitorFilesystem:
    :path: "../../../../node_modules/.pnpm/@capacitor+filesystem@5.0.1_@capacitor+core@5.1.1/node_modules/@capacitor/filesystem"
  CapacitorSplashScreen:
    :path: "../../../../node_modules/.pnpm/@capacitor+splash-screen@5.0.1_@capacitor+core@5.1.1/node_modules/@capacitor/splash-screen"
  CapacitorStatusBar:
    :path: "../../../../node_modules/.pnpm/@capacitor+status-bar@5.0.5_@capacitor+core@5.1.1/node_modules/@capacitor/status-bar"
  CordovaPlugins:
    :path: "../capacitor-cordova-ios-plugins"

SPEC CHECKSUMS:
  Capacitor: c550a8485d00d5d92b4f91a245f43555a2230eb6
  CapacitorApp: 9d91a5a400e4ad8cafe66a02cc9d8073c864d7bb
  CapacitorCordova: 4f8cf089c691f0e21032d22b1014808308cbc467
  CapacitorFilesystem: d8ea223e82008ee25dd305cf4d5ca3acba8aa172
  CapacitorSplashScreen: b3aa7304627a561e98d894d6fb301eced671e599
  CapacitorStatusBar: 540867ac3c63875b65bebd888f695de50a13a9a2
  CordovaPlugins: 58818627c2be03522dc7f5d422a486cf97b30886

PODFILE CHECKSUM: 6e88e4194ace4337bea816aaa76a48fb60cc3a49

COCOAPODS: 1.11.3
